hash: f15dd0f525b219a8293a34b41efb693e0bae11e36ee9e0347de4d4d554bfe249
updated: 2017-12-21T10:57:37.283236038-08:00
imports:
- name: github.com/dlclark/regexp2
  version: 4009c9dc49dd8906bfd4d479c255470d6a477ce5
  subpackages:
  - syntax
- name: github.com/fatih/color
  version: 34e4ee095d12986a2cef5ddb9aeb3b8cfcfea17c
- name: github.com/gogo/protobuf
  version: 100ba4e885062801d56799d78530b73b178a78f3
  subpackages:
  - proto
- name: github.com/mattn/go-colorable
  version: d228849504861217f796da67fae4f6e347643f15
- name: github.com/mattn/go-isatty
  version: 30a891c33c7cde7b02a981314b4228ec99380cca
- name: golang.org/x/sys
  version: e48874b42435b4347fc52bdee0424a52abc974d7
  subpackages:
  - unix
- name: gopkg.in/yaml.v2
  version: a5b47d31c556af34a302ce5d659e6fea44d90de0
- name: sourcegraph.com/sourcegraph/go-diff
  version: 3f415a150aec0685cb81b73cc201e762e075006d
  subpackages:
  - diff
- name: sourcegraph.com/sqs/pbtypes
  version: 4d1b9dc7ffc3f7b555de9b02055fa616f0ebcd18
testImports: []
